
Microsoft Visual Studio Solution File, Format Version 12.00
# Visual Studio Version 16
VisualStudioVersion = 16.0.30413.136
MinimumVisualStudioVersion = 10.0.40219.1
Project("{FAE04EC0-301F-11D3-BF4B-00C04F79EFBC}") = "BasicClassesExercise", "BasicClassesExercise\BasicClassesExercise.csproj", "{1D818AAD-8065-4FDE-9ADB-FD27E77E0D57}"
EndProject
Global
	GlobalSection(SolutionConfigurationPlatforms) = preSolution
		Debug|Any CPU = Debug|Any CPU
		Release|Any CPU = Release|Any CPU
	EndGlobalSection
	GlobalSection(ProjectConfigurationPlatforms) = postSolution
		{1D818AAD-8065-4FDE-9ADB-FD27E77E0D57}.Debug|Any CPU.ActiveCfg = Debug|Any CPU
		{1D818AAD-8065-4FDE-9ADB-FD27E77E0D57}.Debug|Any CPU.Build.0 = Debug|Any CPU
		{1D818AAD-8065-4FDE-9ADB-FD27E77E0D57}.Release|Any CPU.ActiveCfg = Release|Any CPU
		{1D818AAD-8065-4FDE-9ADB-FD27E77E0D57}.Release|Any CPU.Build.0 = Release|Any CPU
	EndGlobalSection
	GlobalSection(SolutionProperties) = preSolution
		HideSolutionNode = FALSE
	EndGlobalSection
	GlobalSection(ExtensibilityGlobals) = postSolution
		SolutionGuid = {BEBEA240-0D41-4DB0-9B5E-42CBD792D4EA}
	EndGlobalSection
EndGlobal
